
Microsoft Visual Studio Solution File, Format Version 12.00
# Visual Studio Version 17
VisualStudioVersion = 17.8.34330.188
MinimumVisualStudioVersion = 10.0.40219.1
Project("{FAE04EC0-301F-11D3-BF4B-00C04F79EFBC}") = "pweb_eas", "pweb_eas\pweb_eas.csproj", "{B03A2EA6-4822-4D41-9FE1-C0FC2EBF4C7D}"
EndProject
Global
	GlobalSection(SolutionConfigurationPlatforms) = preSolution
		Debug|Any CPU = Debug|Any CPU
		Release|Any CPU = Release|Any CPU
	EndGlobalSection
	GlobalSection(ProjectConfigurationPlatforms) = postSolution
		{B03A2EA6-4822-4D41-9FE1-C0FC2EBF4C7D}.Debug|Any CPU.ActiveCfg = Debug|Any CPU
		{B03A2EA6-4822-4D41-9FE1-C0FC2EBF4C7D}.Debug|Any CPU.Build.0 = Debug|Any CPU
		{B03A2EA6-4822-4D41-9FE1-C0FC2EBF4C7D}.Release|Any CPU.ActiveCfg = Release|Any CPU
		{B03A2EA6-4822-4D41-9FE1-C0FC2EBF4C7D}.Release|Any CPU.Build.0 = Release|Any CPU
	EndGlobalSection
	GlobalSection(SolutionProperties) = preSolution
		HideSolutionNode = FALSE
	EndGlobalSection
	GlobalSection(ExtensibilityGlobals) = postSolution
		SolutionGuid = {5E69F070-0CB5-46E9-BB49-ECF3FDC7851E}
	EndGlobalSection
EndGlobal
